
Microsoft Visual Studio Solution File, Format Version 12.00
# Visual Studio 15
VisualStudioVersion = 15.0.26403.7
MinimumVisualStudioVersion = 10.0.40219.1
Project("{8BC9CEB8-8B4A-11D0-8D11-00A0C91BC942}") = "Console", "Console\Console.vcxproj", "{47C6FB40-CA80-452D-934E-1718CD86123D}"
EndProject
Project("{8BC9CEB8-8B4A-11D0-8D11-00A0C91BC942}") = "Library", "Library\Library.vcxproj", "{65650A3D-73ED-43A2-86FA-6F20B53E3CD9}"
EndProject
Project("{8BC9CEB8-8B4A-11D0-8D11-00A0C91BC942}") = "Core", "Core\Core.vcxproj", "{CED9448F-1B9D-4BB7-988C-D70EB3D7303D}"
EndProject
Project("{8BC9CEB8-8B4A-11D0-8D11-00A0C91BC942}") = "Neat", "LibNeat\Neat\Neat.vcxproj", "{F0FBCE15-1694-40B7-AD9A-D59D994F75C3}"
EndProject
Project("{8BC9CEB8-8B4A-11D0-8D11-00A0C91BC942}") = "NeatTests", "LibNeat\NeatTests\NeatTests.vcxproj", "{0BB02CB8-4C40-4FC2-A164-96259D87068C}"
EndProject
Global
	GlobalSection(SolutionConfigurationPlatforms) = preSolution
		Debug|x64 = Debug|x64
		Debug|x86 = Debug|x86
		Release|x64 = Release|x64
		Release|x86 = Release|x86
	EndGlobalSection
	GlobalSection(ProjectConfigurationPlatforms) = postSolution
		{47C6FB40-CA80-452D-934E-1718CD86123D}.Debug|x64.ActiveCfg = Debug|x64
		{47C6FB40-CA80-452D-934E-1718CD86123D}.Debug|x64.Build.0 = Debug|x64
		{47C6FB40-CA80-452D-934E-1718CD86123D}.Debug|x86.ActiveCfg = Debug|Win32
		{47C6FB40-CA80-452D-934E-1718CD86123D}.Debug|x86.Build.0 = Debug|Win32
		{47C6FB40-CA80-452D-934E-1718CD86123D}.Release|x64.ActiveCfg = Release|x64
		{47C6FB40-CA80-452D-934E-1718CD86123D}.Release|x64.Build.0 = Release|x64
		{47C6FB40-CA80-452D-934E-1718CD86123D}.Release|x86.ActiveCfg = Release|Win32
		{47C6FB40-CA80-452D-934E-1718CD86123D}.Release|x86.Build.0 = Release|Win32
		{65650A3D-73ED-43A2-86FA-6F20B53E3CD9}.Debug|x64.ActiveCfg = Debug|x64
		{65650A3D-73ED-43A2-86FA-6F20B53E3CD9}.Debug|x64.Build.0 = Debug|x64
		{65650A3D-73ED-43A2-86FA-6F20B53E3CD9}.Debug|x86.ActiveCfg = Debug|Win32
		{65650A3D-73ED-43A2-86FA-6F20B53E3CD9}.Debug|x86.Build.0 = Debug|Win32
		{65650A3D-73ED-43A2-86FA-6F20B53E3CD9}.Release|x64.ActiveCfg = Release|x64
		{65650A3D-73ED-43A2-86FA-6F20B53E3CD9}.Release|x64.Build.0 = Release|x64
		{65650A3D-73ED-43A2-86FA-6F20B53E3CD9}.Release|x86.ActiveCfg = Release|Win32
		{65650A3D-73ED-43A2-86FA-6F20B53E3CD9}.Release|x86.Build.0 = Release|Win32
		{CED9448F-1B9D-4BB7-988C-D70EB3D7303D}.Debug|x64.ActiveCfg = Debug|x64
		{CED9448F-1B9D-4BB7-988C-D70EB3D7303D}.Debug|x64.Build.0 = Debug|x64
		{CED9448F-1B9D-4BB7-988C-D70EB3D7303D}.Debug|x86.ActiveCfg = Debug|Win32
		{CED9448F-1B9D-4BB7-988C-D70EB3D7303D}.Debug|x86.Build.0 = Debug|Win32
		{CED9448F-1B9D-4BB7-988C-D70EB3D7303D}.Release|x64.ActiveCfg = Release|x64
		{CED9448F-1B9D-4BB7-988C-D70EB3D7303D}.Release|x64.Build.0 = Release|x64
		{CED9448F-1B9D-4BB7-988C-D70EB3D7303D}.Release|x86.ActiveCfg = Release|Win32
		{CED9448F-1B9D-4BB7-988C-D70EB3D7303D}.Release|x86.Build.0 = Release|Win32
		{F0FBCE15-1694-40B7-AD9A-D59D994F75C3}.Debug|x64.ActiveCfg = Debug|x64
		{F0FBCE15-1694-40B7-AD9A-D59D994F75C3}.Debug|x64.Build.0 = Debug|x64
		{F0FBCE15-1694-40B7-AD9A-D59D994F75C3}.Debug|x86.ActiveCfg = Debug|Win32
		{F0FBCE15-1694-40B7-AD9A-D59D994F75C3}.Debug|x86.Build.0 = Debug|Win32
		{F0FBCE15-1694-40B7-AD9A-D59D994F75C3}.Release|x64.ActiveCfg = Release|x64
		{F0FBCE15-1694-40B7-AD9A-D59D994F75C3}.Release|x64.Build.0 = Release|x64
		{F0FBCE15-1694-40B7-AD9A-D59D994F75C3}.Release|x86.ActiveCfg = Release|Win32
		{F0FBCE15-1694-40B7-AD9A-D59D994F75C3}.Release|x86.Build.0 = Release|Win32
		{0BB02CB8-4C40-4FC2-A164-96259D87068C}.Debug|x64.ActiveCfg = Debug|x64
		{0BB02CB8-4C40-4FC2-A164-96259D87068C}.Debug|x64.Build.0 = Debug|x64
		{0BB02CB8-4C40-4FC2-A164-96259D87068C}.Debug|x86.ActiveCfg = Debug|Win32
		{0BB02CB8-4C40-4FC2-A164-96259D87068C}.Debug|x86.Build.0 = Debug|Win32
		{0BB02CB8-4C40-4FC2-A164-96259D87068C}.Release|x64.ActiveCfg = Release|x64
		{0BB02CB8-4C40-4FC2-A164-96259D87068C}.Release|x64.Build.0 = Release|x64
		{0BB02CB8-4C40-4FC2-A164-96259D87068C}.Release|x86.ActiveCfg = Release|Win32
		{0BB02CB8-4C40-4FC2-A164-96259D87068C}.Release|x86.Build.0 = Release|Win32
	EndGlobalSection
	GlobalSection(SolutionProperties) = preSolution
		HideSolutionNode = FALSE
	EndGlobalSection
EndGlobal
